
Microsoft Visual Studio Solution File, Format Version 12.00
# Visual Studio 2017
Project("{FAE04EC0-301F-11D3-BF4B-00C04F79EFBC}") = "Froggy", "Froggy.csproj", "{9C4650B1-E214-02C9-CB7F-64212291BF1F}"
EndProject
Global
	GlobalSection(SolutionConfigurationPlatforms) = preSolution
		Debug|Any CPU = Debug|Any CPU
		Release|Any CPU = Release|Any CPU
	EndGlobalSection
	GlobalSection(ProjectConfigurationPlatforms) = postSolution
		{9C4650B1-E214-02C9-CB7F-64212291BF1F}.Debug|Any CPU.ActiveCfg = Debug|Any CPU
		{9C4650B1-E214-02C9-CB7F-64212291BF1F}.Debug|Any CPU.Build.0 = Debug|Any CPU
		{9C4650B1-E214-02C9-CB7F-64212291BF1F}.Release|Any CPU.ActiveCfg = Release|Any CPU
		{9C4650B1-E214-02C9-CB7F-64212291BF1F}.Release|Any CPU.Build.0 = Release|Any CPU
	EndGlobalSection
	GlobalSection(SolutionProperties) = preSolution
		HideSolutionNode = FALSE
	EndGlobalSection
EndGlobal
